# THIS IS AN AUTOGENERATED FILE. DO NOT EDIT THIS FILE DIRECTLY.
# yarn lockfile v1


"@fortawesome/fontawesome-free@^5.12.0":
  version "5.12.0"
  resolved "https://registry.yarnpkg.com/@fortawesome/fontawesome-free/-/fontawesome-free-5.12.0.tgz#8ceb9f09edfb85ea18a6c7bf098f6f5dd5ffd62b"
  integrity sha512-vKDJUuE2GAdBERaQWmmtsciAMzjwNrROXA5KTGSZvayAsmuTGjam5z6QNqNPCwDfVljLWuov1nEC3mEQf/n6fQ==

almost-equal@^1.1.0:
  version "1.1.0"
  resolved "https://registry.yarnpkg.com/almost-equal/-/almost-equal-1.1.0.tgz#f851c631138757994276aa2efbe8dfa3066cccdd"
  integrity sha1-+FHGMROHV5lCdqou++jfowZszN0=

charenc@~0.0.1:
  version "0.0.2"
  resolved "https://registry.yarnpkg.com/charenc/-/charenc-0.0.2.tgz#c0a1d2f3a7092e03774bfa83f14c0fc5790a8667"
  integrity sha1-wKHS86cJLgN3S/qD8UwPxXkKhmc=

color-scheme@^1.0.1:
  version "1.0.1"
  resolved "https://registry.yarnpkg.com/color-scheme/-/color-scheme-1.0.1.tgz#d1de417f65e10f73c0eb2c97f7ed6c156bc6e8f5"
  integrity sha512-4x+ya6+z6g9DaTFSfVzTZc8TSjxHuDT40NB43N3XPUkQlF6uujhwH8aeMeq8HBgoQQog/vrYgJ16mt/eVTRXwQ==

color-space@^1.16.0:
  version "1.16.0"
  resolved "https://registry.yarnpkg.com/color-space/-/color-space-1.16.0.tgz#611781bca41cd8582a1466fd9e28a7d3d89772a2"
  integrity sha512-A6WMiFzunQ8KEPFmj02OnnoUnqhmSaHaZ/0LVFcPTdlvm8+3aMJ5x1HRHy3bDHPkovkf4sS0f4wsVvwk71fKkg==
  dependencies:
    hsluv "^0.0.3"
    mumath "^3.3.4"

crypt@~0.0.1:
  version "0.0.2"
  resolved "https://registry.yarnpkg.com/crypt/-/crypt-0.0.2.tgz#88d7ff7ec0dfb86f713dc87bbb42d044d3e6c41b"
  integrity sha1-iNf/fsDfuG9xPch7u0LQRNPmxBs=

dayjs@^1.8.17:
  version "1.8.17"
  resolved "https://registry.yarnpkg.com/dayjs/-/dayjs-1.8.17.tgz#53ec413f2a7b02afbea1846d61bb260fa8567cea"
  integrity sha512-47VY/htqYqr9GHd7HW/h56PpQzRBSJcxIQFwqL3P20bMF/3az5c3PWdVY3LmPXFl6cQCYHL7c79b9ov+2bOBbw==

"false-color@^1.0.2":
  version "1.0.2"
  resolved "https://registry.yarnpkg.com/false-color/-/false-color-1.0.2.tgz#4084cfd5b674227554de04250798648522f13683"
  integrity sha512-VxS5kX/KWVkVRWXu+3pbcTdYyFuiaE3x+ICRUZbu13IxrK2P8xFd0GJU1k6vv+BXoSGPMKRWdp5CgW8LjmcsXg==
  dependencies:
    color-space "^1.16.0"

hsluv@^0.0.3:
  version "0.0.3"
  resolved "https://registry.yarnpkg.com/hsluv/-/hsluv-0.0.3.tgz#829107dafb4a9f8b52a1809ed02e091eade6754c"
  integrity sha1-gpEH2vtKn4tSoYCe0C4JHq3mdUw=

is-buffer@~1.1.1:
  version "1.1.6"
  resolved "https://registry.yarnpkg.com/is-buffer/-/is-buffer-1.1.6.tgz#efaa2ea9daa0d7ab2ea13a97b2b8ad51fefbe8be"
  integrity sha512-NcdALwpXkTm5Zvvbk7owOUSvVvBKDgKP5/ewfXEznmQFfs4ZRmanOeKBTjRVjka3QFoN6XJ+9F3USqfHqTaU5w==

md5@^2.2.1:
  version "2.2.1"
  resolved "https://registry.yarnpkg.com/md5/-/md5-2.2.1.tgz#53ab38d5fe3c8891ba465329ea23fac0540126f9"
  integrity sha1-U6s41f48iJG6RlMp6iP6wFQBJvk=
  dependencies:
    charenc "~0.0.1"
    crypt "~0.0.1"
    is-buffer "~1.1.1"

mumath@^3.3.4:
  version "3.3.4"
  resolved "https://registry.yarnpkg.com/mumath/-/mumath-3.3.4.tgz#48d4a0f0fd8cad4e7b32096ee89b161a63d30bbf"
  integrity sha1-SNSg8P2MrU57Mglu6JsWGmPTC78=
  dependencies:
    almost-equal "^1.1.0"
